{
  "name": "client_service",
  "version": "0.0.1",
  "lockfileVersion": 3,
  "requires": true,
  "packages": {
    "": {
      "name": "client_service",
      "version": "0.0.1",
      "dependencies": {
        "@vandaniel/logger": "0.0.x",
        "@vandaniel/service_that_use_logger": "0.0.1"
      },
      "devDependencies": {
        "@types/node": "^13.13.0",
        "typescript": "^3.5.3"
      }
    },
    "../logger": {
      "name": "@vandaniel/logger",
      "version": "0.0.1",
      "extraneous": true,
      "license": "ISC",
      "devDependencies": {
        "@types/node": "^13.13.0",
        "typescript": "^3.5.3"
      }
    },
    "node_modules/@types/node": {
      "version": "13.13.52",
      "resolved": "https://registry.npmjs.org/@types/node/-/node-13.13.52.tgz",
      "integrity": "sha512-s3nugnZumCC//n4moGGe6tkNMyYEdaDBitVjwPxXmR5lnMG5dHePinH2EdxkG3Rh1ghFHHixAG4NJhpJW1rthQ==",
      "dev": true
    },
    "node_modules/@vandaniel/logger": {
      "version": "0.0.3",
      "resolved": "https://registry.npmjs.org/@vandaniel/logger/-/logger-0.0.3.tgz",
      "integrity": "sha512-vS9v8XCeyn/huTPX1GZf6BRrP2JQH9R94Re7/AFSfofFIyRuTHj8V7z9iiZsgMbSGJ8xgbjyVGtAx0i52G8uSw=="
    },
    "node_modules/@vandaniel/logger-types": {
      "version": "0.0.2",
      "resolved": "https://registry.npmjs.org/@vandaniel/logger-types/-/logger-types-0.0.2.tgz",
      "integrity": "sha512-kILtuF6/p5xHjCFlo6WBdEi5grm6dASJuH1V5t+Jm0l9CpJM7UHP7eOoLwFuUlEkr8K/OvYOJVftOSVX8dfbrg=="
    },
    "node_modules/@vandaniel/service_that_use_logger": {
      "version": "0.0.1",
      "resolved": "https://registry.npmjs.org/@vandaniel/service_that_use_logger/-/service_that_use_logger-0.0.1.tgz",
      "integrity": "sha512-2WtPF/o/VB+YaShwrXbvVtyrCb0wjjJYi297kfotI8avZO8I4npx1aLfu8XR1cjq49/EwdpaAGDuf0IHM/vT8g==",
      "dependencies": {
        "@vandaniel/logger-types": "0.0.2"
      }
    },
    "node_modules/typescript": {
      "version": "3.9.10",
      "resolved": "https://registry.npmjs.org/typescript/-/typescript-3.9.10.tgz",
      "integrity": "sha512-w6fIxVE/H1PkLKcCPsFqKE7Kv7QUwhU8qQY2MueZXWx5cPZdwFupLgKK3vntcK98BtNHZtAF4LA/yl2a7k8R6Q==",
      "dev": true,
      "bin": {
        "tsc": "bin/tsc",
        "tsserver": "bin/tsserver"
      },
      "engines": {
        "node": ">=4.2.0"
      }
    }
  }
}
